<?xml version="1.0" encoding="utf-8"?>
<Project ToolsVersion="4.0" xmlns="http://schemas.microsoft.com/developer/msbuild/2003">
  <ItemGroup>
    <Filter Include="Source Files">
      <UniqueIdentifier>{4FC737F1-C7A5-4376-A066-2A32D752A2FF}</UniqueIdentifier>
      <Extensions>cpp;c;cc;cxx;c++;cppm;ixx;def;odl;idl;hpj;bat;asm;asmx</Extensions>
    </Filter>
    <Filter Include="Header Files">
      <UniqueIdentifier>{93995380-89BD-4b04-88EB-625FBE52EBFB}</UniqueIdentifier>
      <Extensions>h;hh;hpp;hxx;h++;hm;inl;inc;ipp;xsd</Extensions>
    </Filter>
    <Filter Include="Resource Files">
      <UniqueIdentifier>{67DA6AB6-F800-4c08-8B7A-83BB121AAD01}</UniqueIdentifier>
      <Extensions>rc;ico;cur;bmp;dlg;rc2;rct;bin;rgs;gif;jpg;jpeg;jpe;resx;tiff;tif;png;wav;mfcribbon-ms</Extensions>
    </Filter>
  </ItemGroup>
  <ItemGroup>
    <ClInclude Include="NetworkSuperposition03.h">
      <Filter>Header Files</Filter>
    </ClInclude>
    <ClInclude Include="NetworkSuperposition03Dlg.h">
      <Filter>Header Files</Filter>
    </ClInclude>
    <ClInclude Include="framework.h">
      <Filter>Header Files</Filter>
    </ClInclude>
    <ClInclude Include="targetver.h">
      <Filter>Header Files</Filter>
    </ClInclude>
    <ClInclude Include="Resource.h">
      <Filter>Header Files</Filter>
    </ClInclude>
    <ClInclude Include="aggregatednetwithfluctuation.h">
      <Filter>Header Files</Filter>
    </ClInclude>
    <ClInclude Include="aggregatedstablenet.h">
      <Filter>Header Files</Filter>
    </ClInclude>
    <ClInclude Include="basicnetwithfluctuation.h">
      <Filter>Header Files</Filter>
    </ClInclude>
    <ClInclude Include="basicstablenet.h">
      <Filter>Header Files</Filter>
    </ClInclude>
    <ClInclude Include="configuration.h">
      <Filter>Header Files</Filter>
    </ClInclude>
    <ClInclude Include="individual.h">
      <Filter>Header Files</Filter>
    </ClInclude>
    <ClInclude Include="initialstate.h">
      <Filter>Header Files</Filter>
    </ClInclude>
    <ClInclude Include="model.h">
      <Filter>Header Files</Filter>
    </ClInclude>
    <ClInclude Include="net.h">
      <Filter>Header Files</Filter>
    </ClInclude>
    <ClInclude Include="population.h">
      <Filter>Header Files</Filter>
    </ClInclude>
    <ClInclude Include="state.h">
      <Filter>Header Files</Filter>
    </ClInclude>
    <ClInclude Include="strain1state.h">
      <Filter>Header Files</Filter>
    </ClInclude>
    <ClInclude Include="strain2state.h">
      <Filter>Header Files</Filter>
    </ClInclude>
    <ClInclude Include="population_state.h">
      <Filter>Header Files</Filter>
    </ClInclude>
    <ClInclude Include="writer.h">
      <Filter>Header Files</Filter>
    </ClInclude>
    <ClInclude Include="file_writer.h">
      <Filter>Header Files</Filter>
    </ClInclude>
    <ClInclude Include="file_and_mysql_db_writer.h">
      <Filter>Header Files</Filter>
    </ClInclude>
    <ClInclude Include="mysql_db_writer.h">
      <Filter>Header Files</Filter>
    </ClInclude>
    <ClInclude Include="..\..\..\c19\NetworkSuperposition03\NetworkSuperposition03\plotter.h">
      <Filter>Header Files</Filter>
    </ClInclude>
  </ItemGroup>
  <ItemGroup>
    <ClCompile Include="NetworkSuperposition03.cpp">
      <Filter>Source Files</Filter>
    </ClCompile>
    <ClCompile Include="NetworkSuperposition03Dlg.cpp">
      <Filter>Source Files</Filter>
    </ClCompile>
    <ClCompile Include="aggregatednetwithfluctuation.cpp">
      <Filter>Source Files</Filter>
    </ClCompile>
    <ClCompile Include="aggregatedstablenet.cpp">
      <Filter>Source Files</Filter>
    </ClCompile>
    <ClCompile Include="basicnetwithfluctuation.cpp">
      <Filter>Source Files</Filter>
    </ClCompile>
    <ClCompile Include="basicstablenet.cpp">
      <Filter>Source Files</Filter>
    </ClCompile>
    <ClCompile Include="configuration.cpp">
      <Filter>Source Files</Filter>
    </ClCompile>
    <ClCompile Include="individual.cpp">
      <Filter>Source Files</Filter>
    </ClCompile>
    <ClCompile Include="initialstate.cpp">
      <Filter>Source Files</Filter>
    </ClCompile>
    <ClCompile Include="model.cpp">
      <Filter>Source Files</Filter>
    </ClCompile>
    <ClCompile Include="net.cpp">
      <Filter>Source Files</Filter>
    </ClCompile>
    <ClCompile Include="population.cpp">
      <Filter>Source Files</Filter>
    </ClCompile>
    <ClCompile Include="state.cpp">
      <Filter>Source Files</Filter>
    </ClCompile>
    <ClCompile Include="strain1state.cpp">
      <Filter>Source Files</Filter>
    </ClCompile>
    <ClCompile Include="strain2state.cpp">
      <Filter>Source Files</Filter>
    </ClCompile>
    <ClCompile Include="writer.cpp">
      <Filter>Source Files</Filter>
    </ClCompile>
    <ClCompile Include="population_state.cpp">
      <Filter>Source Files</Filter>
    </ClCompile>
    <ClCompile Include="file_writer.cpp">
      <Filter>Source Files</Filter>
    </ClCompile>
    <ClCompile Include="mysql_db_writer.cpp">
      <Filter>Source Files</Filter>
    </ClCompile>
    <ClCompile Include="file_and_mysql_db_writer.cpp">
      <Filter>Source Files</Filter>
    </ClCompile>
    <ClCompile Include="..\..\..\c19\NetworkSuperposition03\NetworkSuperposition03\plotter.cpp">
      <Filter>Source Files</Filter>
    </ClCompile>
  </ItemGroup>
  <ItemGroup>
    <ResourceCompile Include="NetworkSuperposition03.rc">
      <Filter>Resource Files</Filter>
    </ResourceCompile>
  </ItemGroup>
  <ItemGroup>
    <None Include="res\NetworkSuperposition03.rc2">
      <Filter>Resource Files</Filter>
    </None>
    <None Include="database_parameter.inc">
      <Filter>Header Files</Filter>
    </None>
    <None Include="About.odt">
      <Filter>Resource Files</Filter>
    </None>
    <None Include="res\create_tables.sql">
      <Filter>Resource Files</Filter>
    </None>
  </ItemGroup>
  <ItemGroup>
    <Image Include="res\NetworkSuperposition03.ico">
      <Filter>Resource Files</Filter>
    </Image>
  </ItemGroup>
</Project>